
Microsoft Visual Studio Solution File, Format Version 12.00
# Visual Studio Version 17
VisualStudioVersion = 17.4.33103.184
MinimumVisualStudioVersion = 10.0.40219.1
Project("{FAE04EC0-301F-11D3-BF4B-00C04F79EFBC}") = "ControleContatos", "ControleContatos\ControleContatos.csproj", "{A2B692F1-7658-484E-A2A1-F31ED84A95C4}"
EndProject
Global
	GlobalSection(SolutionConfigurationPlatforms) = preSolution
		Debug|Any CPU = Debug|Any CPU
		Release|Any CPU = Release|Any CPU
	EndGlobalSection
	GlobalSection(ProjectConfigurationPlatforms) = postSolution
		{A2B692F1-7658-484E-A2A1-F31ED84A95C4}.Debug|Any CPU.ActiveCfg = Debug|Any CPU
		{A2B692F1-7658-484E-A2A1-F31ED84A95C4}.Debug|Any CPU.Build.0 = Debug|Any CPU
		{A2B692F1-7658-484E-A2A1-F31ED84A95C4}.Release|Any CPU.ActiveCfg = Release|Any CPU
		{A2B692F1-7658-484E-A2A1-F31ED84A95C4}.Release|Any CPU.Build.0 = Release|Any CPU
	EndGlobalSection
	GlobalSection(SolutionProperties) = preSolution
		HideSolutionNode = FALSE
	EndGlobalSection
	GlobalSection(ExtensibilityGlobals) = postSolution
		SolutionGuid = {99D2AF13-8DA4-4327-94BC-4794F53710EA}
	EndGlobalSection
EndGlobal
